
Microsoft Visual Studio Solution File, Format Version 12.00
# Visual Studio Version 16
VisualStudioVersion = 16.0.30907.101
MinimumVisualStudioVersion = 10.0.40219.1
Project("{FAE04EC0-301F-11D3-BF4B-00C04F79EFBC}") = "PCSX2MemoryHook", "PCSX2MemoryHook\PCSX2MemoryHook.csproj", "{2DC4F2D8-47D1-4C5B-BAED-F45E38E50D2F}"
EndProject
Global
	GlobalSection(SolutionConfigurationPlatforms) = preSolution
		Debug|Any CPU = Debug|Any CPU
		Release|Any CPU = Release|Any CPU
	EndGlobalSection
	GlobalSection(ProjectConfigurationPlatforms) = postSolution
		{2DC4F2D8-47D1-4C5B-BAED-F45E38E50D2F}.Debug|Any CPU.ActiveCfg = Debug|Any CPU
		{2DC4F2D8-47D1-4C5B-BAED-F45E38E50D2F}.Debug|Any CPU.Build.0 = Debug|Any CPU
		{2DC4F2D8-47D1-4C5B-BAED-F45E38E50D2F}.Release|Any CPU.ActiveCfg = Release|Any CPU
		{2DC4F2D8-47D1-4C5B-BAED-F45E38E50D2F}.Release|Any CPU.Build.0 = Release|Any CPU
	EndGlobalSection
	GlobalSection(SolutionProperties) = preSolution
		HideSolutionNode = FALSE
	EndGlobalSection
	GlobalSection(ExtensibilityGlobals) = postSolution
		SolutionGuid = {44D7D495-77CB-483F-89E1-F58178280959}
	EndGlobalSection
EndGlobal
